
Microsoft Visual Studio Solution File, Format Version 12.00
# Visual Studio 15
VisualStudioVersion = 15.0.26124.0
MinimumVisualStudioVersion = 15.0.26124.0
Project("{2150E333-8FDC-42A3-9474-1A3956D46DE8}") = "src", "src", "{B75099EB-1C01-4581-B1DB-512D5EFF9EFB}"
EndProject
Project("{FAE04EC0-301F-11D3-BF4B-00C04F79EFBC}") = "ImageGallery.API", "src\ImageGallery.API\ImageGallery.API.csproj", "{83CBB1A4-8B05-4A8D-8758-1B165E034E31}"
EndProject
Project("{FAE04EC0-301F-11D3-BF4B-00C04F79EFBC}") = "ImageGallery.Client", "src\ImageGallery.Client\ImageGallery.Client.csproj", "{413E45FF-4D77-4871-BFE4-CCEE744FE616}"
EndProject
Project("{FAE04EC0-301F-11D3-BF4B-00C04F79EFBC}") = "ImageGallery.Model", "src\ImageGallery.Model\ImageGallery.Model.csproj", "{39FC1C41-F119-474C-8DF4-A9D0B13CE968}"
EndProject
Project("{FAE04EC0-301F-11D3-BF4B-00C04F79EFBC}") = "Marvin.IDP", "src\Marvin.IDP\Marvin.IDP.csproj", "{8DDED165-B53E-42EB-81F9-B6224BF242E5}"
EndProject
Global
	GlobalSection(SolutionConfigurationPlatforms) = preSolution
		Debug|Any CPU = Debug|Any CPU
		Debug|x64 = Debug|x64
		Debug|x86 = Debug|x86
		Release|Any CPU = Release|Any CPU
		Release|x64 = Release|x64
		Release|x86 = Release|x86
	EndGlobalSection
	GlobalSection(SolutionProperties) = preSolution
		HideSolutionNode = FALSE
	EndGlobalSection
	GlobalSection(ProjectConfigurationPlatforms) = postSolution
		{83CBB1A4-8B05-4A8D-8758-1B165E034E31}.Debug|Any CPU.ActiveCfg = Debug|Any CPU
		{83CBB1A4-8B05-4A8D-8758-1B165E034E31}.Debug|Any CPU.Build.0 = Debug|Any CPU
		{83CBB1A4-8B05-4A8D-8758-1B165E034E31}.Debug|x64.ActiveCfg = Debug|Any CPU
		{83CBB1A4-8B05-4A8D-8758-1B165E034E31}.Debug|x64.Build.0 = Debug|Any CPU
		{83CBB1A4-8B05-4A8D-8758-1B165E034E31}.Debug|x86.ActiveCfg = Debug|Any CPU
		{83CBB1A4-8B05-4A8D-8758-1B165E034E31}.Debug|x86.Build.0 = Debug|Any CPU
		{83CBB1A4-8B05-4A8D-8758-1B165E034E31}.Release|Any CPU.ActiveCfg = Release|Any CPU
		{83CBB1A4-8B05-4A8D-8758-1B165E034E31}.Release|Any CPU.Build.0 = Release|Any CPU
		{83CBB1A4-8B05-4A8D-8758-1B165E034E31}.Release|x64.ActiveCfg = Release|Any CPU
		{83CBB1A4-8B05-4A8D-8758-1B165E034E31}.Release|x64.Build.0 = Release|Any CPU
		{83CBB1A4-8B05-4A8D-8758-1B165E034E31}.Release|x86.ActiveCfg = Release|Any CPU
		{83CBB1A4-8B05-4A8D-8758-1B165E034E31}.Release|x86.Build.0 = Release|Any CPU
		{413E45FF-4D77-4871-BFE4-CCEE744FE616}.Debug|Any CPU.ActiveCfg = Debug|Any CPU
		{413E45FF-4D77-4871-BFE4-CCEE744FE616}.Debug|Any CPU.Build.0 = Debug|Any CPU
		{413E45FF-4D77-4871-BFE4-CCEE744FE616}.Debug|x64.ActiveCfg = Debug|Any CPU
		{413E45FF-4D77-4871-BFE4-CCEE744FE616}.Debug|x64.Build.0 = Debug|Any CPU
		{413E45FF-4D77-4871-BFE4-CCEE744FE616}.Debug|x86.ActiveCfg = Debug|Any CPU
		{413E45FF-4D77-4871-BFE4-CCEE744FE616}.Debug|x86.Build.0 = Debug|Any CPU
		{413E45FF-4D77-4871-BFE4-CCEE744FE616}.Release|Any CPU.ActiveCfg = Release|Any CPU
		{413E45FF-4D77-4871-BFE4-CCEE744FE616}.Release|Any CPU.Build.0 = Release|Any CPU
		{413E45FF-4D77-4871-BFE4-CCEE744FE616}.Release|x64.ActiveCfg = Release|Any CPU
		{413E45FF-4D77-4871-BFE4-CCEE744FE616}.Release|x64.Build.0 = Release|Any CPU
		{413E45FF-4D77-4871-BFE4-CCEE744FE616}.Release|x86.ActiveCfg = Release|Any CPU
		{413E45FF-4D77-4871-BFE4-CCEE744FE616}.Release|x86.Build.0 = Release|Any CPU
		{39FC1C41-F119-474C-8DF4-A9D0B13CE968}.Debug|Any CPU.ActiveCfg = Debug|Any CPU
		{39FC1C41-F119-474C-8DF4-A9D0B13CE968}.Debug|Any CPU.Build.0 = Debug|Any CPU
		{39FC1C41-F119-474C-8DF4-A9D0B13CE968}.Debug|x64.ActiveCfg = Debug|Any CPU
		{39FC1C41-F119-474C-8DF4-A9D0B13CE968}.Debug|x64.Build.0 = Debug|Any CPU
		{39FC1C41-F119-474C-8DF4-A9D0B13CE968}.Debug|x86.ActiveCfg = Debug|Any CPU
		{39FC1C41-F119-474C-8DF4-A9D0B13CE968}.Debug|x86.Build.0 = Debug|Any CPU
		{39FC1C41-F119-474C-8DF4-A9D0B13CE968}.Release|Any CPU.ActiveCfg = Release|Any CPU
		{39FC1C41-F119-474C-8DF4-A9D0B13CE968}.Release|Any CPU.Build.0 = Release|Any CPU
		{39FC1C41-F119-474C-8DF4-A9D0B13CE968}.Release|x64.ActiveCfg = Release|Any CPU
		{39FC1C41-F119-474C-8DF4-A9D0B13CE968}.Release|x64.Build.0 = Release|Any CPU
		{39FC1C41-F119-474C-8DF4-A9D0B13CE968}.Release|x86.ActiveCfg = Release|Any CPU
		{39FC1C41-F119-474C-8DF4-A9D0B13CE968}.Release|x86.Build.0 = Release|Any CPU
		{8DDED165-B53E-42EB-81F9-B6224BF242E5}.Debug|Any CPU.ActiveCfg = Debug|Any CPU
		{8DDED165-B53E-42EB-81F9-B6224BF242E5}.Debug|Any CPU.Build.0 = Debug|Any CPU
		{8DDED165-B53E-42EB-81F9-B6224BF242E5}.Debug|x64.ActiveCfg = Debug|Any CPU
		{8DDED165-B53E-42EB-81F9-B6224BF242E5}.Debug|x64.Build.0 = Debug|Any CPU
		{8DDED165-B53E-42EB-81F9-B6224BF242E5}.Debug|x86.ActiveCfg = Debug|Any CPU
		{8DDED165-B53E-42EB-81F9-B6224BF242E5}.Debug|x86.Build.0 = Debug|Any CPU
		{8DDED165-B53E-42EB-81F9-B6224BF242E5}.Release|Any CPU.ActiveCfg = Release|Any CPU
		{8DDED165-B53E-42EB-81F9-B6224BF242E5}.Release|Any CPU.Build.0 = Release|Any CPU
		{8DDED165-B53E-42EB-81F9-B6224BF242E5}.Release|x64.ActiveCfg = Release|Any CPU
		{8DDED165-B53E-42EB-81F9-B6224BF242E5}.Release|x64.Build.0 = Release|Any CPU
		{8DDED165-B53E-42EB-81F9-B6224BF242E5}.Release|x86.ActiveCfg = Release|Any CPU
		{8DDED165-B53E-42EB-81F9-B6224BF242E5}.Release|x86.Build.0 = Release|Any CPU
	EndGlobalSection
	GlobalSection(NestedProjects) = preSolution
		{83CBB1A4-8B05-4A8D-8758-1B165E034E31} = {B75099EB-1C01-4581-B1DB-512D5EFF9EFB}
		{413E45FF-4D77-4871-BFE4-CCEE744FE616} = {B75099EB-1C01-4581-B1DB-512D5EFF9EFB}
		{39FC1C41-F119-474C-8DF4-A9D0B13CE968} = {B75099EB-1C01-4581-B1DB-512D5EFF9EFB}
		{8DDED165-B53E-42EB-81F9-B6224BF242E5} = {B75099EB-1C01-4581-B1DB-512D5EFF9EFB}
	EndGlobalSection
EndGlobal
